// !$*UTF8*$!
{
	archiveVersion = 1;
	classes = {
	};
	objectVersion = 56;
	objects = {

/* Begin PBXBuildFile section */
		142171ED2A39899D001A5033 /* FTEssentialsPaperSegmentViewController.swift in Sources */ = {isa = PBXBuildFile; fileRef = 142171EC2A39899D001A5033 /* FTEssentialsPaperSegmentViewController.swift */; };
		14C0D6CA2A26217D003EA823 /* FTPaperTemplateCenteredCollectionViewFlowLayout.swift in Sources */ = {isa = PBXBuildFile; fileRef = 14C0D6C92A26217D003EA823 /* FTPaperTemplateCenteredCollectionViewFlowLayout.swift */; };
		14E976B32A179DBC00382189 /* FTPaperTypeTableViewCell.swift in Sources */ = {isa = PBXBuildFile; fileRef = 14E976B22A179DBC00382189 /* FTPaperTypeTableViewCell.swift */; };
		14F006142A1B8674004A4C63 /* FTPaperTemplateViewController.swift in Sources */ = {isa = PBXBuildFile; fileRef = 14F006132A1B8674004A4C63 /* FTPaperTemplateViewController.swift */; };
		4734D3E729CDC8AE0094DD67 /* FTCommon.framework in Frameworks */ = {isa = PBXBuildFile; fileRef = E72E69A529CDB505001ED2D9 /* FTCommon.framework */; };
		4734D3E929CDC8AF0094DD67 /* FTStyles.framework in Frameworks */ = {isa = PBXBuildFile; fileRef = E72E69A829CDB50D001ED2D9 /* FTStyles.framework */; };
		47BEA43D2A3C119300A64CFE /* FTTemplatesStore.framework in Frameworks */ = {isa = PBXBuildFile; fileRef = 47BEA43C2A3C119200A64CFE /* FTTemplatesStore.framework */; };
		974BD91129ACF4380056EF34 /* FTPaperTemplatesVariantsController.swift in Sources */ = {isa = PBXBuildFile; fileRef = 974BD91029ACF4380056EF34 /* FTPaperTemplatesVariantsController.swift */; };
		974BD91329ACF47E0056EF34 /* FTTemplateBasicColorsModel.swift in Sources */ = {isa = PBXBuildFile; fileRef = 974BD91229ACF47E0056EF34 /* FTTemplateBasicColorsModel.swift */; };
		974BD91529ADD71F0056EF34 /* FTPaperTemplate.swift in Sources */ = {isa = PBXBuildFile; fileRef = 974BD91429ADD71F0056EF34 /* FTPaperTemplate.swift */; };
		974BD92329AF20B20056EF34 /* FTTemplateLineheightsModel.swift in Sources */ = {isa = PBXBuildFile; fileRef = 974BD92229AF20B20056EF34 /* FTTemplateLineheightsModel.swift */; };
		97B15706299FADBD0084514E /* AppDelegate.swift in Sources */ = {isa = PBXBuildFile; fileRef = 97B15705299FADBD0084514E /* AppDelegate.swift */; };
		97B15708299FADBD0084514E /* SceneDelegate.swift in Sources */ = {isa = PBXBuildFile; fileRef = 97B15707299FADBD0084514E /* SceneDelegate.swift */; };
		97B1570F299FADBE0084514E /* Assets.xcassets in Resources */ = {isa = PBXBuildFile; fileRef = 97B1570E299FADBE0084514E /* Assets.xcassets */; };
		97B3F6C229B1C8E100C14FC1 /* FTMoreTemplatesCollectionViewCell.swift in Sources */ = {isa = PBXBuildFile; fileRef = 97B3F6C129B1C8E100C14FC1 /* FTMoreTemplatesCollectionViewCell.swift */; };
		97C2C6E629AF694C00378130 /* FTTemplateOrientationModel.swift in Sources */ = {isa = PBXBuildFile; fileRef = 97C2C6E529AF694C00378130 /* FTTemplateOrientationModel.swift */; };
		97C2C6E829AF811C00378130 /* FTTemplateSizeModel.swift in Sources */ = {isa = PBXBuildFile; fileRef = 97C2C6E729AF811C00378130 /* FTTemplateSizeModel.swift */; };
		97C2C6FA29B0742900378130 /* FTPapersViewController.swift in Sources */ = {isa = PBXBuildFile; fileRef = 97C2C6F929B0742900378130 /* FTPapersViewController.swift */; };
		97C2C6FE29B07A6300378130 /* FTBasicTemplatesCategoryModel.swift in Sources */ = {isa = PBXBuildFile; fileRef = 97C2C6FD29B07A6300378130 /* FTBasicTemplatesCategoryModel.swift */; };
		97C2C70129B07D0B00378130 /* FTPaperCollectionViewCell.swift in Sources */ = {isa = PBXBuildFile; fileRef = 97C2C70029B07D0B00378130 /* FTPaperCollectionViewCell.swift */; };
		97C2C70329B07E9200378130 /* FTPaperThemeModel.swift in Sources */ = {isa = PBXBuildFile; fileRef = 97C2C70229B07E9200378130 /* FTPaperThemeModel.swift */; };
		97EC28A029A4C856008CBD7D /* FTNewNotebook.docc in Sources */ = {isa = PBXBuildFile; fileRef = 97EC289F29A4C856008CBD7D /* FTNewNotebook.docc */; };
		97EC28A129A4C856008CBD7D /* FTNewNotebook.h in Headers */ = {isa = PBXBuildFile; fileRef = 97EC289E29A4C856008CBD7D /* FTNewNotebook.h */; settings = {ATTRIBUTES = (Public, ); }; };
		97EC28A429A4C856008CBD7D /* FTNewNotebook.framework in Frameworks */ = {isa = PBXBuildFile; fileRef = 97EC289C29A4C856008CBD7D /* FTNewNotebook.framework */; };
		97EC28A529A4C856008CBD7D /* FTNewNotebook.framework in Embed Frameworks */ = {isa = PBXBuildFile; fileRef = 97EC289C29A4C856008CBD7D /* FTNewNotebook.framework */; settings = {ATTRIBUTES = (CodeSignOnCopy, RemoveHeadersOnCopy, ); }; };
		97EC28AC29A4C886008CBD7D /* FTCreateNotebookViewController.swift in Sources */ = {isa = PBXBuildFile; fileRef = 97B1571B299FBAE90084514E /* FTCreateNotebookViewController.swift */; };
		97EC28AF29A4C89E008CBD7D /* Assets.xcassets in Resources */ = {isa = PBXBuildFile; fileRef = 97EC28AD29A4C89B008CBD7D /* Assets.xcassets */; };
		97EC28B329A4C8E2008CBD7D /* FTNewNotebook.storyboard in Resources */ = {isa = PBXBuildFile; fileRef = 97B1570B299FADBD0084514E /* FTNewNotebook.storyboard */; };
		97EC28B529A4C8FF008CBD7D /* Main.storyboard in Resources */ = {isa = PBXBuildFile; fileRef = 97EC28B429A4C8FF008CBD7D /* Main.storyboard */; };
		97EC28B829A4CA85008CBD7D /* ViewController.swift in Sources */ = {isa = PBXBuildFile; fileRef = 97B15709299FADBD0084514E /* ViewController.swift */; };
		97EC28BA29A4CCF6008CBD7D /* FTNewNotebook.swift in Sources */ = {isa = PBXBuildFile; fileRef = 97EC28B929A4CCF6008CBD7D /* FTNewNotebook.swift */; };
		97EC28F729A76769008CBD7D /* FTNewNotebookModel.swift in Sources */ = {isa = PBXBuildFile; fileRef = 97EC28F629A76769008CBD7D /* FTNewNotebookModel.swift */; };
		97EC28F929A7871F008CBD7D /* FTPasswordModel.swift in Sources */ = {isa = PBXBuildFile; fileRef = 97EC28F829A7871F008CBD7D /* FTPasswordModel.swift */; };
		97EC28FE29A8BADA008CBD7D /* FTNewNotebookConstants.swift in Sources */ = {isa = PBXBuildFile; fileRef = 97EC28FD29A8BADA008CBD7D /* FTNewNotebookConstants.swift */; };
		97EC290429A8C9B0008CBD7D /* FTPapers.storyboard in Resources */ = {isa = PBXBuildFile; fileRef = 97EC290329A8C9B0008CBD7D /* FTPapers.storyboard */; };
		97EC290A29A8CC5D008CBD7D /* FTPaperPickerViewController.swift in Sources */ = {isa = PBXBuildFile; fileRef = 97EC290929A8CC5D008CBD7D /* FTPaperPickerViewController.swift */; };
		97EC290E29A8CEFC008CBD7D /* FTChoosePaperViewController.swift in Sources */ = {isa = PBXBuildFile; fileRef = 97EC290D29A8CEFC008CBD7D /* FTChoosePaperViewController.swift */; };
		97EC291029A8DB46008CBD7D /* FTPaperTemplateColorView.swift in Sources */ = {isa = PBXBuildFile; fileRef = 97EC290F29A8DB46008CBD7D /* FTPaperTemplateColorView.swift */; };
		DDAD78F52A08C6FF001D8B21 /* SDWebImage in Frameworks */ = {isa = PBXBuildFile; productRef = DDAD78F42A08C6FF001D8B21 /* SDWebImage */; };
		E757549D29A8E8310091AB47 /* FTCoverStyleVariantsController.swift in Sources */ = {isa = PBXBuildFile; fileRef = E757549C29A8E8310091AB47 /* FTCoverStyleVariantsController.swift */; };
		E7A98F342A0A5B7900D7A649 /* FTPapersContainerCell.swift in Sources */ = {isa = PBXBuildFile; fileRef = E7A98F332A0A5B7900D7A649 /* FTPapersContainerCell.swift */; };
		E7BE009B29BB5BCF005D847B /* FTUnsplashViewController.swift in Sources */ = {isa = PBXBuildFile; fileRef = E7BE009A29BB5BCF005D847B /* FTUnsplashViewController.swift */; };
		E7BE009D29BB5EED005D847B /* FTCoversHeaderController.swift in Sources */ = {isa = PBXBuildFile; fileRef = E7BE009C29BB5EED005D847B /* FTCoversHeaderController.swift */; };
		E7BE221229ADC65400AA83DE /* FTCoverDataModel.swift in Sources */ = {isa = PBXBuildFile; fileRef = E7BE221129ADC65400AA83DE /* FTCoverDataModel.swift */; };
		E7BE221429ADD3E000AA83DE /* FTCoversInfo.swift in Sources */ = {isa = PBXBuildFile; fileRef = E7BE221329ADD3E000AA83DE /* FTCoversInfo.swift */; };
		E7BE221629ADD89900AA83DE /* FTCoversViewModel.swift in Sources */ = {isa = PBXBuildFile; fileRef = E7BE221529ADD89900AA83DE /* FTCoversViewModel.swift */; };
		E7BE540229AF0FDD0008A0CC /* FTCustomCoversViewController.swift in Sources */ = {isa = PBXBuildFile; fileRef = E7BE540129AF0FDD0008A0CC /* FTCustomCoversViewController.swift */; };
		E7BE540A29AF2F3A0008A0CC /* FTCustomCoversViewModel.swift in Sources */ = {isa = PBXBuildFile; fileRef = E7BE540929AF2F3A0008A0CC /* FTCustomCoversViewModel.swift */; };
		E7BE540C29AF36590008A0CC /* FTDefaultCustomCoverSectionCell.swift in Sources */ = {isa = PBXBuildFile; fileRef = E7BE540B29AF36590008A0CC /* FTDefaultCustomCoverSectionCell.swift */; };
		E7C022CB29AC7493004BAE8D /* FTChooseCoverModels.swift in Sources */ = {isa = PBXBuildFile; fileRef = E7C022CA29AC7493004BAE8D /* FTChooseCoverModels.swift */; };
		E7C022D229ACCFD7004BAE8D /* FTCoversViewController.swift in Sources */ = {isa = PBXBuildFile; fileRef = E7C022D129ACCFD7004BAE8D /* FTCoversViewController.swift */; };
		E7C022D429ACD2CD004BAE8D /* FTCoverCollectionViewCell.swift in Sources */ = {isa = PBXBuildFile; fileRef = E7C022D329ACD2CD004BAE8D /* FTCoverCollectionViewCell.swift */; };
		E7C099DC29C1B0B8008B8508 /* FTCoverEditPreview.swift in Sources */ = {isa = PBXBuildFile; fileRef = E7C099DA29C1B0B8008B8508 /* FTCoverEditPreview.swift */; };
		E7C099DF29C1CD80008B8508 /* Extensions.swift in Sources */ = {isa = PBXBuildFile; fileRef = E7C099DE29C1CD80008B8508 /* Extensions.swift */; };
		E7D2941829A8C13D00DD77A4 /* FTChooseCoverViewController.swift in Sources */ = {isa = PBXBuildFile; fileRef = E7D2941629A8C13C00DD77A4 /* FTChooseCoverViewController.swift */; };
		E7D2941929A8C13D00DD77A4 /* FTCoverStyleViewController.swift in Sources */ = {isa = PBXBuildFile; fileRef = E7D2941729A8C13C00DD77A4 /* FTCoverStyleViewController.swift */; };
		E7D2941C29A8C1B000DD77A4 /* FTCoverStyleCollectionViewCell.swift in Sources */ = {isa = PBXBuildFile; fileRef = E7D2941B29A8C1B000DD77A4 /* FTCoverStyleCollectionViewCell.swift */; };
		E7D2942229A8C5E600DD77A4 /* FTCovers.storyboard in Resources */ = {isa = PBXBuildFile; fileRef = E7D2942129A8C5E600DD77A4 /* FTCovers.storyboard */; };
		E7D4FCA829C8955C000A091A /* Constants.swift in Sources */ = {isa = PBXBuildFile; fileRef = E7D4FCA729C8955C000A091A /* Constants.swift */; };
		E7D6561B29C054D3005E014F /* FTUnsplashCollectionViewCell.swift in Sources */ = {isa = PBXBuildFile; fileRef = E7D6561A29C054D3005E014F /* FTUnsplashCollectionViewCell.swift */; };
		E7D6562A29C05BE0005E014F /* FTUnsplashCollectionViewCell.xib in Resources */ = {isa = PBXBuildFile; fileRef = E7D6562929C05BE0005E014F /* FTUnsplashCollectionViewCell.xib */; };
		E7D6563229C0A578005E014F /* FTSearchUnsplashCell.swift in Sources */ = {isa = PBXBuildFile; fileRef = E7D6563129C0A578005E014F /* FTSearchUnsplashCell.swift */; };
		E7E5E43D29D6930C00CEC0B0 /* FTPreviewSizeHelper.swift in Sources */ = {isa = PBXBuildFile; fileRef = E7E5E43C29D6930C00CEC0B0 /* FTPreviewSizeHelper.swift */; };
		E7ECA3BE29C03C7C00703BB7 /* FTUnsplashViewModel.swift in Sources */ = {isa = PBXBuildFile; fileRef = E7ECA3BD29C03C7C00703BB7 /* FTUnsplashViewModel.swift */; };
		E7ECA3C029C03D3600703BB7 /* FTUnsplashAPI.swift in Sources */ = {isa = PBXBuildFile; fileRef = E7ECA3BF29C03D3600703BB7 /* FTUnsplashAPI.swift */; };
		E7ECA3C229C047CB00703BB7 /* FTUnsplashModel.swift in Sources */ = {isa = PBXBuildFile; fileRef = E7ECA3C129C047CB00703BB7 /* FTUnsplashModel.swift */; };
/* End PBXBuildFile section */

/* Begin PBXContainerItemProxy section */
		97EC28A229A4C856008CBD7D /* PBXContainerItemProxy */ = {
			isa = PBXContainerItemProxy;
			containerPortal = 97B156FA299FADBD0084514E /* Project object */;
			proxyType = 1;
			remoteGlobalIDString = 97EC289B29A4C856008CBD7D;
			remoteInfo = FTNewNotebook;
		};
/* End PBXContainerItemProxy section */

/* Begin PBXCopyFilesBuildPhase section */
		97EC28A629A4C856008CBD7D /* Embed Frameworks */ = {
			isa = PBXCopyFilesBuildPhase;
			buildActionMask = 2147483647;
			dstPath = "";
			dstSubfolderSpec = 10;
			files = (
				97EC28A529A4C856008CBD7D /* FTNewNotebook.framework in Embed Frameworks */,
			);
			name = "Embed Frameworks";
			runOnlyForDeploymentPostprocessing = 0;
		};
/* End PBXCopyFilesBuildPhase section */

/* Begin PBXFileReference section */
		142171EC2A39899D001A5033 /* FTEssentialsPaperSegmentViewController.swift */ = {isa = PBXFileReference; lastKnownFileType = sourcecode.swift; path = FTEssentialsPaperSegmentViewController.swift; sourceTree = "<group>"; };
		14C0D6C92A26217D003EA823 /* FTPaperTemplateCenteredCollectionViewFlowLayout.swift */ = {isa = PBXFileReference; lastKnownFileType = sourcecode.swift; path = FTPaperTemplateCenteredCollectionViewFlowLayout.swift; sourceTree = "<group>"; };
		14E976B22A179DBC00382189 /* FTPaperTypeTableViewCell.swift */ = {isa = PBXFileReference; lastKnownFileType = sourcecode.swift; path = FTPaperTypeTableViewCell.swift; sourceTree = "<group>"; };
		14F006132A1B8674004A4C63 /* FTPaperTemplateViewController.swift */ = {isa = PBXFileReference; lastKnownFileType = sourcecode.swift; path = FTPaperTemplateViewController.swift; sourceTree = "<group>"; };
		479A45B229CD75B300E25EDD /* Core.framework */ = {isa = PBXFileReference; explicitFileType = wrapper.framework; path = Core.framework; sourceTree = BUILT_PRODUCTS_DIR; };
		47BEA43C2A3C119200A64CFE /* FTTemplatesStore.framework */ = {isa = PBXFileReference; explicitFileType = wrapper.framework; path = FTTemplatesStore.framework; sourceTree = BUILT_PRODUCTS_DIR; };
		47CE07A02A0A48D000E15028 /* FTTemplatesStore.framework */ = {isa = PBXFileReference; explicitFileType = wrapper.framework; path = FTTemplatesStore.framework; sourceTree = BUILT_PRODUCTS_DIR; };
		974BD91029ACF4380056EF34 /* FTPaperTemplatesVariantsController.swift */ = {isa = PBXFileReference; fileEncoding = 4; lastKnownFileType = sourcecode.swift; path = FTPaperTemplatesVariantsController.swift; sourceTree = "<group>"; };
		974BD91229ACF47E0056EF34 /* FTTemplateBasicColorsModel.swift */ = {isa = PBXFileReference; fileEncoding = 4; lastKnownFileType = sourcecode.swift; path = FTTemplateBasicColorsModel.swift; sourceTree = "<group>"; };
		974BD91429ADD71F0056EF34 /* FTPaperTemplate.swift */ = {isa = PBXFileReference; lastKnownFileType = sourcecode.swift; path = FTPaperTemplate.swift; sourceTree = "<group>"; };
		974BD92229AF20B20056EF34 /* FTTemplateLineheightsModel.swift */ = {isa = PBXFileReference; lastKnownFileType = sourcecode.swift; path = FTTemplateLineheightsModel.swift; sourceTree = "<group>"; };
		97B15702299FADBD0084514E /* NewNotebook.app */ = {isa = PBXFileReference; explicitFileType = wrapper.application; includeInIndex = 0; path = NewNotebook.app; sourceTree = BUILT_PRODUCTS_DIR; };
		97B15705299FADBD0084514E /* AppDelegate.swift */ = {isa = PBXFileReference; lastKnownFileType = sourcecode.swift; path = AppDelegate.swift; sourceTree = "<group>"; };
		97B15707299FADBD0084514E /* SceneDelegate.swift */ = {isa = PBXFileReference; lastKnownFileType = sourcecode.swift; path = SceneDelegate.swift; sourceTree = "<group>"; };
		97B15709299FADBD0084514E /* ViewController.swift */ = {isa = PBXFileReference; lastKnownFileType = sourcecode.swift; path = ViewController.swift; sourceTree = "<group>"; };
		97B1570E299FADBE0084514E /* Assets.xcassets */ = {isa = PBXFileReference; lastKnownFileType = folder.assetcatalog; path = Assets.xcassets; sourceTree = "<group>"; };
		97B1571B299FBAE90084514E /* FTCreateNotebookViewController.swift */ = {isa = PBXFileReference; lastKnownFileType = sourcecode.swift; path = FTCreateNotebookViewController.swift; sourceTree = "<group>"; };
		97B3F6C129B1C8E100C14FC1 /* FTMoreTemplatesCollectionViewCell.swift */ = {isa = PBXFileReference; lastKnownFileType = sourcecode.swift; path = FTMoreTemplatesCollectionViewCell.swift; sourceTree = "<group>"; };
		97C2C6E529AF694C00378130 /* FTTemplateOrientationModel.swift */ = {isa = PBXFileReference; lastKnownFileType = sourcecode.swift; path = FTTemplateOrientationModel.swift; sourceTree = "<group>"; };
		97C2C6E729AF811C00378130 /* FTTemplateSizeModel.swift */ = {isa = PBXFileReference; lastKnownFileType = sourcecode.swift; path = FTTemplateSizeModel.swift; sourceTree = "<group>"; };
		97C2C6F929B0742900378130 /* FTPapersViewController.swift */ = {isa = PBXFileReference; lastKnownFileType = sourcecode.swift; path = FTPapersViewController.swift; sourceTree = "<group>"; };
		97C2C6FD29B07A6300378130 /* FTBasicTemplatesCategoryModel.swift */ = {isa = PBXFileReference; lastKnownFileType = sourcecode.swift; path = FTBasicTemplatesCategoryModel.swift; sourceTree = "<group>"; };
		97C2C70029B07D0B00378130 /* FTPaperCollectionViewCell.swift */ = {isa = PBXFileReference; lastKnownFileType = sourcecode.swift; path = FTPaperCollectionViewCell.swift; sourceTree = "<group>"; };
		97C2C70229B07E9200378130 /* FTPaperThemeModel.swift */ = {isa = PBXFileReference; lastKnownFileType = sourcecode.swift; path = FTPaperThemeModel.swift; sourceTree = "<group>"; };
		97EC289C29A4C856008CBD7D /* FTNewNotebook.framework */ = {isa = PBXFileReference; explicitFileType = wrapper.framework; includeInIndex = 0; path = FTNewNotebook.framework; sourceTree = BUILT_PRODUCTS_DIR; };
		97EC289E29A4C856008CBD7D /* FTNewNotebook.h */ = {isa = PBXFileReference; lastKnownFileType = sourcecode.c.h; path = FTNewNotebook.h; sourceTree = "<group>"; };
		97EC289F29A4C856008CBD7D /* FTNewNotebook.docc */ = {isa = PBXFileReference; lastKnownFileType = folder.documentationcatalog; path = FTNewNotebook.docc; sourceTree = "<group>"; };
		97EC28AD29A4C89B008CBD7D /* Assets.xcassets */ = {isa = PBXFileReference; lastKnownFileType = folder.assetcatalog; path = Assets.xcassets; sourceTree = "<group>"; };
		97EC28B429A4C8FF008CBD7D /* Main.storyboard */ = {isa = PBXFileReference; lastKnownFileType = file.storyboard; path = Main.storyboard; sourceTree = "<group>"; };
		97EC28B629A4C9DD008CBD7D /* Info.plist */ = {isa = PBXFileReference; fileEncoding = 4; lastKnownFileType = text.plist.xml; path = Info.plist; sourceTree = "<group>"; };
		97EC28B929A4CCF6008CBD7D /* FTNewNotebook.swift */ = {isa = PBXFileReference; lastKnownFileType = sourcecode.swift; path = FTNewNotebook.swift; sourceTree = "<group>"; };
		97EC28F629A76769008CBD7D /* FTNewNotebookModel.swift */ = {isa = PBXFileReference; lastKnownFileType = sourcecode.swift; path = FTNewNotebookModel.swift; sourceTree = "<group>"; };
		97EC28F829A7871F008CBD7D /* FTPasswordModel.swift */ = {isa = PBXFileReference; lastKnownFileType = sourcecode.swift; path = FTPasswordModel.swift; sourceTree = "<group>"; };
		97EC28FD29A8BADA008CBD7D /* FTNewNotebookConstants.swift */ = {isa = PBXFileReference; lastKnownFileType = sourcecode.swift; path = FTNewNotebookConstants.swift; sourceTree = "<group>"; };
		97EC290329A8C9B0008CBD7D /* FTPapers.storyboard */ = {isa = PBXFileReference; lastKnownFileType = file.storyboard; path = FTPapers.storyboard; sourceTree = "<group>"; };
		97EC290929A8CC5D008CBD7D /* FTPaperPickerViewController.swift */ = {isa = PBXFileReference; lastKnownFileType = sourcecode.swift; path = FTPaperPickerViewController.swift; sourceTree = "<group>"; };
		97EC290D29A8CEFC008CBD7D /* FTChoosePaperViewController.swift */ = {isa = PBXFileReference; lastKnownFileType = sourcecode.swift; path = FTChoosePaperViewController.swift; sourceTree = "<group>"; };
		97EC290F29A8DB46008CBD7D /* FTPaperTemplateColorView.swift */ = {isa = PBXFileReference; lastKnownFileType = sourcecode.swift; path = FTPaperTemplateColorView.swift; sourceTree = "<group>"; };
		BA05C6DE2A6EB67A00300455 /* en */ = {isa = PBXFileReference; lastKnownFileType = file.storyboard; name = en; path = en.lproj/FTNewNotebook.storyboard; sourceTree = "<group>"; };
		DDAD78FA2A08C8C2001D8B21 /* Core.framework */ = {isa = PBXFileReference; explicitFileType = wrapper.framework; path = Core.framework; sourceTree = BUILT_PRODUCTS_DIR; };
		DDF598CB29CD85B2007C0062 /* NewNotebook.entitlements */ = {isa = PBXFileReference; lastKnownFileType = text.plist.entitlements; path = NewNotebook.entitlements; sourceTree = "<group>"; };
		E72E69A529CDB505001ED2D9 /* FTCommon.framework */ = {isa = PBXFileReference; explicitFileType = wrapper.framework; path = FTCommon.framework; sourceTree = BUILT_PRODUCTS_DIR; };
		E72E69A829CDB50D001ED2D9 /* FTStyles.framework */ = {isa = PBXFileReference; explicitFileType = wrapper.framework; path = FTStyles.framework; sourceTree = BUILT_PRODUCTS_DIR; };
		E757549C29A8E8310091AB47 /* FTCoverStyleVariantsController.swift */ = {isa = PBXFileReference; fileEncoding = 4; lastKnownFileType = sourcecode.swift; path = FTCoverStyleVariantsController.swift; sourceTree = "<group>"; };
		E7A98F332A0A5B7900D7A649 /* FTPapersContainerCell.swift */ = {isa = PBXFileReference; lastKnownFileType = sourcecode.swift; path = FTPapersContainerCell.swift; sourceTree = "<group>"; };
		E7BE009A29BB5BCF005D847B /* FTUnsplashViewController.swift */ = {isa = PBXFileReference; lastKnownFileType = sourcecode.swift; path = FTUnsplashViewController.swift; sourceTree = "<group>"; };
		E7BE009C29BB5EED005D847B /* FTCoversHeaderController.swift */ = {isa = PBXFileReference; lastKnownFileType = sourcecode.swift; path = FTCoversHeaderController.swift; sourceTree = "<group>"; };
		E7BE221129ADC65400AA83DE /* FTCoverDataModel.swift */ = {isa = PBXFileReference; fileEncoding = 4; lastKnownFileType = sourcecode.swift; path = FTCoverDataModel.swift; sourceTree = "<group>"; };
		E7BE221329ADD3E000AA83DE /* FTCoversInfo.swift */ = {isa = PBXFileReference; lastKnownFileType = sourcecode.swift; path = FTCoversInfo.swift; sourceTree = "<group>"; };
		E7BE221529ADD89900AA83DE /* FTCoversViewModel.swift */ = {isa = PBXFileReference; lastKnownFileType = sourcecode.swift; path = FTCoversViewModel.swift; sourceTree = "<group>"; };
		E7BE540129AF0FDD0008A0CC /* FTCustomCoversViewController.swift */ = {isa = PBXFileReference; lastKnownFileType = sourcecode.swift; path = FTCustomCoversViewController.swift; sourceTree = "<group>"; };
		E7BE540929AF2F3A0008A0CC /* FTCustomCoversViewModel.swift */ = {isa = PBXFileReference; lastKnownFileType = sourcecode.swift; path = FTCustomCoversViewModel.swift; sourceTree = "<group>"; };
		E7BE540B29AF36590008A0CC /* FTDefaultCustomCoverSectionCell.swift */ = {isa = PBXFileReference; lastKnownFileType = sourcecode.swift; path = FTDefaultCustomCoverSectionCell.swift; sourceTree = "<group>"; };
		E7C022CA29AC7493004BAE8D /* FTChooseCoverModels.swift */ = {isa = PBXFileReference; lastKnownFileType = sourcecode.swift; path = FTChooseCoverModels.swift; sourceTree = "<group>"; };
		E7C022D129ACCFD7004BAE8D /* FTCoversViewController.swift */ = {isa = PBXFileReference; lastKnownFileType = sourcecode.swift; path = FTCoversViewController.swift; sourceTree = "<group>"; };
		E7C022D329ACD2CD004BAE8D /* FTCoverCollectionViewCell.swift */ = {isa = PBXFileReference; lastKnownFileType = sourcecode.swift; path = FTCoverCollectionViewCell.swift; sourceTree = "<group>"; };
		E7C099DA29C1B0B8008B8508 /* FTCoverEditPreview.swift */ = {isa = PBXFileReference; fileEncoding = 4; lastKnownFileType = sourcecode.swift; path = FTCoverEditPreview.swift; sourceTree = "<group>"; };
		E7C099DE29C1CD80008B8508 /* Extensions.swift */ = {isa = PBXFileReference; lastKnownFileType = sourcecode.swift; path = Extensions.swift; sourceTree = "<group>"; };
		E7D2941629A8C13C00DD77A4 /* FTChooseCoverViewController.swift */ = {isa = PBXFileReference; fileEncoding = 4; lastKnownFileType = sourcecode.swift; path = FTChooseCoverViewController.swift; sourceTree = "<group>"; };
		E7D2941729A8C13C00DD77A4 /* FTCoverStyleViewController.swift */ = {isa = PBXFileReference; fileEncoding = 4; lastKnownFileType = sourcecode.swift; path = FTCoverStyleViewController.swift; sourceTree = "<group>"; };
		E7D2941B29A8C1B000DD77A4 /* FTCoverStyleCollectionViewCell.swift */ = {isa = PBXFileReference; fileEncoding = 4; lastKnownFileType = sourcecode.swift; path = FTCoverStyleCollectionViewCell.swift; sourceTree = "<group>"; };
		E7D2942129A8C5E600DD77A4 /* FTCovers.storyboard */ = {isa = PBXFileReference; lastKnownFileType = file.storyboard; path = FTCovers.storyboard; sourceTree = "<group>"; };
		E7D4FCA729C8955C000A091A /* Constants.swift */ = {isa = PBXFileReference; lastKnownFileType = sourcecode.swift; path = Constants.swift; sourceTree = "<group>"; };
		E7D6561A29C054D3005E014F /* FTUnsplashCollectionViewCell.swift */ = {isa = PBXFileReference; lastKnownFileType = sourcecode.swift; path = FTUnsplashCollectionViewCell.swift; sourceTree = "<group>"; };
		E7D6562929C05BE0005E014F /* FTUnsplashCollectionViewCell.xib */ = {isa = PBXFileReference; lastKnownFileType = file.xib; path = FTUnsplashCollectionViewCell.xib; sourceTree = "<group>"; };
		E7D6563129C0A578005E014F /* FTSearchUnsplashCell.swift */ = {isa = PBXFileReference; lastKnownFileType = sourcecode.swift; path = FTSearchUnsplashCell.swift; sourceTree = "<group>"; };
		E7E5E43C29D6930C00CEC0B0 /* FTPreviewSizeHelper.swift */ = {isa = PBXFileReference; lastKnownFileType = sourcecode.swift; path = FTPreviewSizeHelper.swift; sourceTree = "<group>"; };
		E7ECA3BD29C03C7C00703BB7 /* FTUnsplashViewModel.swift */ = {isa = PBXFileReference; lastKnownFileType = sourcecode.swift; path = FTUnsplashViewModel.swift; sourceTree = "<group>"; };
		E7ECA3BF29C03D3600703BB7 /* FTUnsplashAPI.swift */ = {isa = PBXFileReference; fileEncoding = 4; lastKnownFileType = sourcecode.swift; path = FTUnsplashAPI.swift; sourceTree = "<group>"; };
		E7ECA3C129C047CB00703BB7 /* FTUnsplashModel.swift */ = {isa = PBXFileReference; fileEncoding = 4; lastKnownFileType = sourcecode.swift; path = FTUnsplashModel.swift; sourceTree = "<group>"; };
/* End PBXFileReference section */

/* Begin PBXFrameworksBuildPhase section */
		97B156FF299FADBD0084514E /* Frameworks */ = {
			isa = PBXFrameworksBuildPhase;
			buildActionMask = 2147483647;
			files = (
				97EC28A429A4C856008CBD7D /* FTNewNotebook.framework in Frameworks */,
			);
			runOnlyForDeploymentPostprocessing = 0;
		};
		97EC289929A4C856008CBD7D /* Frameworks */ = {
			isa = PBXFrameworksBuildPhase;
			buildActionMask = 2147483647;
			files = (
				4734D3E929CDC8AF0094DD67 /* FTStyles.framework in Frameworks */,
				47BEA43D2A3C119300A64CFE /* FTTemplatesStore.framework in Frameworks */,
				4734D3E729CDC8AE0094DD67 /* FTCommon.framework in Frameworks */,
				DDAD78F52A08C6FF001D8B21 /* SDWebImage in Frameworks */,
			);
			runOnlyForDeploymentPostprocessing = 0;
		};
/* End PBXFrameworksBuildPhase section */

/* Begin PBXGroup section */
		977904AE29A48C7B005A7902 /* Resources */ = {
			isa = PBXGroup;
			children = (
				97EC28AD29A4C89B008CBD7D /* Assets.xcassets */,
			);
			path = Resources;
			sourceTree = "<group>";
		};
		97B156F9299FADBD0084514E = {
			isa = PBXGroup;
			children = (
				97B15704299FADBD0084514E /* NewNotebook */,
				97EC289D29A4C856008CBD7D /* FTNewNotebook */,
				97B15703299FADBD0084514E /* Products */,
				E7D2942329A8C81B00DD77A4 /* Frameworks */,
			);
			sourceTree = "<group>";
		};
		97B15703299FADBD0084514E /* Products */ = {
			isa = PBXGroup;
			children = (
				97B15702299FADBD0084514E /* NewNotebook.app */,
				97EC289C29A4C856008CBD7D /* FTNewNotebook.framework */,
			);
			name = Products;
			sourceTree = "<group>";
		};
		97B15704299FADBD0084514E /* NewNotebook */ = {
			isa = PBXGroup;
			children = (
				DDF598CB29CD85B2007C0062 /* NewNotebook.entitlements */,
				97EC28B629A4C9DD008CBD7D /* Info.plist */,
				97B15705299FADBD0084514E /* AppDelegate.swift */,
				97B15707299FADBD0084514E /* SceneDelegate.swift */,
				97B15709299FADBD0084514E /* ViewController.swift */,
				97B1570E299FADBE0084514E /* Assets.xcassets */,
				97EC28B429A4C8FF008CBD7D /* Main.storyboard */,
			);
			path = NewNotebook;
			sourceTree = "<group>";
		};
		97C2C6FB29B079F100378130 /* Covers */ = {
			isa = PBXGroup;
			children = (
				E7D4FCA729C8955C000A091A /* Constants.swift */,
				E7ECA3BF29C03D3600703BB7 /* FTUnsplashAPI.swift */,
				E7ECA3C129C047CB00703BB7 /* FTUnsplashModel.swift */,
				E7BE221129ADC65400AA83DE /* FTCoverDataModel.swift */,
				E7C022CA29AC7493004BAE8D /* FTChooseCoverModels.swift */,
				E7BE221529ADD89900AA83DE /* FTCoversViewModel.swift */,
				E7BE540929AF2F3A0008A0CC /* FTCustomCoversViewModel.swift */,
				E7ECA3BD29C03C7C00703BB7 /* FTUnsplashViewModel.swift */,
			);
			path = Covers;
			sourceTree = "<group>";
		};
		97C2C6FC29B07A1100378130 /* Papers */ = {
			isa = PBXGroup;
			children = (
				974BD91229ACF47E0056EF34 /* FTTemplateBasicColorsModel.swift */,
				97EC28F629A76769008CBD7D /* FTNewNotebookModel.swift */,
				97EC28F829A7871F008CBD7D /* FTPasswordModel.swift */,
				974BD92229AF20B20056EF34 /* FTTemplateLineheightsModel.swift */,
				97C2C6E529AF694C00378130 /* FTTemplateOrientationModel.swift */,
				97C2C6E729AF811C00378130 /* FTTemplateSizeModel.swift */,
				97C2C6FD29B07A6300378130 /* FTBasicTemplatesCategoryModel.swift */,
				97C2C70229B07E9200378130 /* FTPaperThemeModel.swift */,
			);
			path = Papers;
			sourceTree = "<group>";
		};
		97C2C6FF29B07CE700378130 /* Papers */ = {
			isa = PBXGroup;
			children = (
				97EC290F29A8DB46008CBD7D /* FTPaperTemplateColorView.swift */,
				14F006132A1B8674004A4C63 /* FTPaperTemplateViewController.swift */,
				142171EC2A39899D001A5033 /* FTEssentialsPaperSegmentViewController.swift */,
				14C0D6C92A26217D003EA823 /* FTPaperTemplateCenteredCollectionViewFlowLayout.swift */,
				97C2C70029B07D0B00378130 /* FTPaperCollectionViewCell.swift */,
				97B3F6C129B1C8E100C14FC1 /* FTMoreTemplatesCollectionViewCell.swift */,
				E7A98F332A0A5B7900D7A649 /* FTPapersContainerCell.swift */,
				14E976B22A179DBC00382189 /* FTPaperTypeTableViewCell.swift */,
			);
			path = Papers;
			sourceTree = "<group>";
		};
		97C2C70429B0803000378130 /* Covers */ = {
			isa = PBXGroup;
			children = (
				E7D2941B29A8C1B000DD77A4 /* FTCoverStyleCollectionViewCell.swift */,
				E7C022D329ACD2CD004BAE8D /* FTCoverCollectionViewCell.swift */,
				E7BE540B29AF36590008A0CC /* FTDefaultCustomCoverSectionCell.swift */,
				E7D6563129C0A578005E014F /* FTSearchUnsplashCell.swift */,
				E7D6561A29C054D3005E014F /* FTUnsplashCollectionViewCell.swift */,
				E7D6562929C05BE0005E014F /* FTUnsplashCollectionViewCell.xib */,
			);
			path = Covers;
			sourceTree = "<group>";
		};
		97EC289D29A4C856008CBD7D /* FTNewNotebook */ = {
			isa = PBXGroup;
			children = (
				E7C099DD29C1CD70008B8508 /* Helpers */,
				E7D2941D29A8C1BF00DD77A4 /* Views */,
				97EC290229A8BC3A008CBD7D /* Constants */,
				97EC290129A8BBD2008CBD7D /* Models */,
				97EC290029A8BBAA008CBD7D /* Protocols */,
				97EC28FF29A8BB97008CBD7D /* Controllers */,
				977904AE29A48C7B005A7902 /* Resources */,
				97B1570B299FADBD0084514E /* FTNewNotebook.storyboard */,
				E7D2942129A8C5E600DD77A4 /* FTCovers.storyboard */,
				97EC290329A8C9B0008CBD7D /* FTPapers.storyboard */,
				97EC289E29A4C856008CBD7D /* FTNewNotebook.h */,
				97EC289F29A4C856008CBD7D /* FTNewNotebook.docc */,
			);
			path = FTNewNotebook;
			sourceTree = "<group>";
		};
		97EC28FF29A8BB97008CBD7D /* Controllers */ = {
			isa = PBXGroup;
			children = (
				97B1571B299FBAE90084514E /* FTCreateNotebookViewController.swift */,
				E7C022D029ACCEE3004BAE8D /* Covers */,
				97EC290829A8CC3A008CBD7D /* Papers */,
			);
			path = Controllers;
			sourceTree = "<group>";
		};
		97EC290029A8BBAA008CBD7D /* Protocols */ = {
			isa = PBXGroup;
			children = (
				97EC28B929A4CCF6008CBD7D /* FTNewNotebook.swift */,
				974BD91429ADD71F0056EF34 /* FTPaperTemplate.swift */,
				E7BE221329ADD3E000AA83DE /* FTCoversInfo.swift */,
			);
			path = Protocols;
			sourceTree = "<group>";
		};
		97EC290129A8BBD2008CBD7D /* Models */ = {
			isa = PBXGroup;
			children = (
				97C2C6FC29B07A1100378130 /* Papers */,
				97C2C6FB29B079F100378130 /* Covers */,
			);
			path = Models;
			sourceTree = "<group>";
		};
		97EC290229A8BC3A008CBD7D /* Constants */ = {
			isa = PBXGroup;
			children = (
				97EC28FD29A8BADA008CBD7D /* FTNewNotebookConstants.swift */,
			);
			path = Constants;
			sourceTree = "<group>";
		};
		97EC290829A8CC3A008CBD7D /* Papers */ = {
			isa = PBXGroup;
			children = (
				974BD91029ACF4380056EF34 /* FTPaperTemplatesVariantsController.swift */,
				97EC290929A8CC5D008CBD7D /* FTPaperPickerViewController.swift */,
				97EC290D29A8CEFC008CBD7D /* FTChoosePaperViewController.swift */,
				97C2C6F929B0742900378130 /* FTPapersViewController.swift */,
			);
			path = Papers;
			sourceTree = "<group>";
		};
		E7C022D029ACCEE3004BAE8D /* Covers */ = {
			isa = PBXGroup;
			children = (
				E7D2941629A8C13C00DD77A4 /* FTChooseCoverViewController.swift */,
				E757549C29A8E8310091AB47 /* FTCoverStyleVariantsController.swift */,
				E7D2941729A8C13C00DD77A4 /* FTCoverStyleViewController.swift */,
				E7C022D129ACCFD7004BAE8D /* FTCoversViewController.swift */,
				E7BE540129AF0FDD0008A0CC /* FTCustomCoversViewController.swift */,
				E7BE009A29BB5BCF005D847B /* FTUnsplashViewController.swift */,
				E7BE009C29BB5EED005D847B /* FTCoversHeaderController.swift */,
			);
			path = Covers;
			sourceTree = "<group>";
		};
		E7C099DD29C1CD70008B8508 /* Helpers */ = {
			isa = PBXGroup;
			children = (
				E7C099DE29C1CD80008B8508 /* Extensions.swift */,
				E7E5E43C29D6930C00CEC0B0 /* FTPreviewSizeHelper.swift */,
			);
			path = Helpers;
			sourceTree = "<group>";
		};
		E7D2941A29A8C1B000DD77A4 /* Cells */ = {
			isa = PBXGroup;
			children = (
				97C2C70429B0803000378130 /* Covers */,
				97C2C6FF29B07CE700378130 /* Papers */,
			);
			path = Cells;
			sourceTree = "<group>";
		};
		E7D2941D29A8C1BF00DD77A4 /* Views */ = {
			isa = PBXGroup;
			children = (
				E7D4FC9D29C8225B000A091A /* Others */,
				E7D2941A29A8C1B000DD77A4 /* Cells */,
			);
			path = Views;
			sourceTree = "<group>";
		};
		E7D2942329A8C81B00DD77A4 /* Frameworks */ = {
			isa = PBXGroup;
			children = (
				47BEA43C2A3C119200A64CFE /* FTTemplatesStore.framework */,
				47CE07A02A0A48D000E15028 /* FTTemplatesStore.framework */,
				DDAD78FA2A08C8C2001D8B21 /* Core.framework */,
				E72E69A829CDB50D001ED2D9 /* FTStyles.framework */,
				E72E69A529CDB505001ED2D9 /* FTCommon.framework */,
				479A45B229CD75B300E25EDD /* Core.framework */,
			);
			name = Frameworks;
			sourceTree = "<group>";
		};
		E7D4FC9D29C8225B000A091A /* Others */ = {
			isa = PBXGroup;
			children = (
				E7C099DA29C1B0B8008B8508 /* FTCoverEditPreview.swift */,
			);
			path = Others;
			sourceTree = "<group>";
		};
/* End PBXGroup section */

/* Begin PBXHeadersBuildPhase section */
		97EC289729A4C856008CBD7D /* Headers */ = {
			isa = PBXHeadersBuildPhase;
			buildActionMask = 2147483647;
			files = (
				97EC28A129A4C856008CBD7D /* FTNewNotebook.h in Headers */,
			);
			runOnlyForDeploymentPostprocessing = 0;
		};
/* End PBXHeadersBuildPhase section */

/* Begin PBXNativeTarget section */
		97B15701299FADBD0084514E /* NewNotebook */ = {
			isa = PBXNativeTarget;
			buildConfigurationList = 97B15716299FADBE0084514E /* Build configuration list for PBXNativeTarget "NewNotebook" */;
			buildPhases = (
				97B156FE299FADBD0084514E /* Sources */,
				97B156FF299FADBD0084514E /* Frameworks */,
				97B15700299FADBD0084514E /* Resources */,
				97EC28A629A4C856008CBD7D /* Embed Frameworks */,
			);
			buildRules = (
			);
			dependencies = (
				97EC28A329A4C856008CBD7D /* PBXTargetDependency */,
			);
			name = NewNotebook;
			packageProductDependencies = (
			);
			productName = NewNotebook;
			productReference = 97B15702299FADBD0084514E /* NewNotebook.app */;
			productType = "com.apple.product-type.application";
		};
		97EC289B29A4C856008CBD7D /* FTNewNotebook */ = {
			isa = PBXNativeTarget;
			buildConfigurationList = 97EC28A929A4C856008CBD7D /* Build configuration list for PBXNativeTarget "FTNewNotebook" */;
			buildPhases = (
				97EC289729A4C856008CBD7D /* Headers */,
				97EC289829A4C856008CBD7D /* Sources */,
				97EC289929A4C856008CBD7D /* Frameworks */,
				97EC289A29A4C856008CBD7D /* Resources */,
			);
			buildRules = (
			);
			dependencies = (
			);
			name = FTNewNotebook;
			packageProductDependencies = (
				DDAD78F42A08C6FF001D8B21 /* SDWebImage */,
			);
			productName = FTNewNotebook;
			productReference = 97EC289C29A4C856008CBD7D /* FTNewNotebook.framework */;
			productType = "com.apple.product-type.framework";
		};
/* End PBXNativeTarget section */

/* Begin PBXProject section */
		97B156FA299FADBD0084514E /* Project object */ = {
			isa = PBXProject;
			attributes = {
				BuildIndependentTargetsInParallel = 1;
				LastSwiftUpdateCheck = 1420;
				LastUpgradeCheck = 1430;
				TargetAttributes = {
					97B15701299FADBD0084514E = {
						CreatedOnToolsVersion = 14.2;
						LastSwiftMigration = 1420;
					};
					97EC289B29A4C856008CBD7D = {
						CreatedOnToolsVersion = 14.2;
					};
				};
			};
			buildConfigurationList = 97B156FD299FADBD0084514E /* Build configuration list for PBXProject "NewNotebook" */;
			compatibilityVersion = "Xcode 14.0";
			developmentRegion = en;
			hasScannedForEncodings = 0;
			knownRegions = (
				en,
				Base,
			);
			mainGroup = 97B156F9299FADBD0084514E;
			packageReferences = (
				DDAD78F32A08C6FF001D8B21 /* XCRemoteSwiftPackageReference "SDWebImage" */,
			);
			productRefGroup = 97B15703299FADBD0084514E /* Products */;
			projectDirPath = "";
			projectRoot = "";
			targets = (
				97B15701299FADBD0084514E /* NewNotebook */,
				97EC289B29A4C856008CBD7D /* FTNewNotebook */,
			);
		};
/* End PBXProject section */

/* Begin PBXResourcesBuildPhase section */
		97B15700299FADBD0084514E /* Resources */ = {
			isa = PBXResourcesBuildPhase;
			buildActionMask = 2147483647;
			files = (
				97EC28B529A4C8FF008CBD7D /* Main.storyboard in Resources */,
				97B1570F299FADBE0084514E /* Assets.xcassets in Resources */,
			);
			runOnlyForDeploymentPostprocessing = 0;
		};
		97EC289A29A4C856008CBD7D /* Resources */ = {
			isa = PBXResourcesBuildPhase;
			buildActionMask = 2147483647;
			files = (
				97EC28B329A4C8E2008CBD7D /* FTNewNotebook.storyboard in Resources */,
				97EC28AF29A4C89E008CBD7D /* Assets.xcassets in Resources */,
				E7D2942229A8C5E600DD77A4 /* FTCovers.storyboard in Resources */,
				97EC290429A8C9B0008CBD7D /* FTPapers.storyboard in Resources */,
				E7D6562A29C05BE0005E014F /* FTUnsplashCollectionViewCell.xib in Resources */,
			);
			runOnlyForDeploymentPostprocessing = 0;
		};
/* End PBXResourcesBuildPhase section */

/* Begin PBXSourcesBuildPhase section */
		97B156FE299FADBD0084514E /* Sources */ = {
			isa = PBXSourcesBuildPhase;
			buildActionMask = 2147483647;
			files = (
				97EC28B829A4CA85008CBD7D /* ViewController.swift in Sources */,
				97B15706299FADBD0084514E /* AppDelegate.swift in Sources */,
				97B15708299FADBD0084514E /* SceneDelegate.swift in Sources */,
			);
			runOnlyForDeploymentPostprocessing = 0;
		};
		97EC289829A4C856008CBD7D /* Sources */ = {
			isa = PBXSourcesBuildPhase;
			buildActionMask = 2147483647;
			files = (
				E7C022D429ACD2CD004BAE8D /* FTCoverCollectionViewCell.swift in Sources */,
				E7BE221229ADC65400AA83DE /* FTCoverDataModel.swift in Sources */,
				E7D6561B29C054D3005E014F /* FTUnsplashCollectionViewCell.swift in Sources */,
				97C2C6E829AF811C00378130 /* FTTemplateSizeModel.swift in Sources */,
				E7ECA3C229C047CB00703BB7 /* FTUnsplashModel.swift in Sources */,
				E7BE221429ADD3E000AA83DE /* FTCoversInfo.swift in Sources */,
				E7D2941929A8C13D00DD77A4 /* FTCoverStyleViewController.swift in Sources */,
				974BD92329AF20B20056EF34 /* FTTemplateLineheightsModel.swift in Sources */,
				E7D4FCA829C8955C000A091A /* Constants.swift in Sources */,
				97EC290A29A8CC5D008CBD7D /* FTPaperPickerViewController.swift in Sources */,
				97C2C6FA29B0742900378130 /* FTPapersViewController.swift in Sources */,
				E7BE009B29BB5BCF005D847B /* FTUnsplashViewController.swift in Sources */,
				E7A98F342A0A5B7900D7A649 /* FTPapersContainerCell.swift in Sources */,
				E757549D29A8E8310091AB47 /* FTCoverStyleVariantsController.swift in Sources */,
				97EC28F929A7871F008CBD7D /* FTPasswordModel.swift in Sources */,
				E7C099DF29C1CD80008B8508 /* Extensions.swift in Sources */,
				97EC290E29A8CEFC008CBD7D /* FTChoosePaperViewController.swift in Sources */,
				97C2C70129B07D0B00378130 /* FTPaperCollectionViewCell.swift in Sources */,
				E7BE540229AF0FDD0008A0CC /* FTCustomCoversViewController.swift in Sources */,
				97EC291029A8DB46008CBD7D /* FTPaperTemplateColorView.swift in Sources */,
				E7E5E43D29D6930C00CEC0B0 /* FTPreviewSizeHelper.swift in Sources */,
				97C2C6E629AF694C00378130 /* FTTemplateOrientationModel.swift in Sources */,
				97EC28AC29A4C886008CBD7D /* FTCreateNotebookViewController.swift in Sources */,
				E7D6563229C0A578005E014F /* FTSearchUnsplashCell.swift in Sources */,
				97C2C70329B07E9200378130 /* FTPaperThemeModel.swift in Sources */,
				97B3F6C229B1C8E100C14FC1 /* FTMoreTemplatesCollectionViewCell.swift in Sources */,
				E7C099DC29C1B0B8008B8508 /* FTCoverEditPreview.swift in Sources */,
				E7BE540A29AF2F3A0008A0CC /* FTCustomCoversViewModel.swift in Sources */,
				974BD91129ACF4380056EF34 /* FTPaperTemplatesVariantsController.swift in Sources */,
				14F006142A1B8674004A4C63 /* FTPaperTemplateViewController.swift in Sources */,
				E7D2941829A8C13D00DD77A4 /* FTChooseCoverViewController.swift in Sources */,
				E7C022D229ACCFD7004BAE8D /* FTCoversViewController.swift in Sources */,
				14E976B32A179DBC00382189 /* FTPaperTypeTableViewCell.swift in Sources */,
				142171ED2A39899D001A5033 /* FTEssentialsPaperSegmentViewController.swift in Sources */,
				E7C022CB29AC7493004BAE8D /* FTChooseCoverModels.swift in Sources */,
				E7ECA3BE29C03C7C00703BB7 /* FTUnsplashViewModel.swift in Sources */,
				974BD91329ACF47E0056EF34 /* FTTemplateBasicColorsModel.swift in Sources */,
				E7BE540C29AF36590008A0CC /* FTDefaultCustomCoverSectionCell.swift in Sources */,
				97EC28F729A76769008CBD7D /* FTNewNotebookModel.swift in Sources */,
				97C2C6FE29B07A6300378130 /* FTBasicTemplatesCategoryModel.swift in Sources */,
				E7D2941C29A8C1B000DD77A4 /* FTCoverStyleCollectionViewCell.swift in Sources */,
				E7BE221629ADD89900AA83DE /* FTCoversViewModel.swift in Sources */,
				E7BE009D29BB5EED005D847B /* FTCoversHeaderController.swift in Sources */,
				97EC28FE29A8BADA008CBD7D /* FTNewNotebookConstants.swift in Sources */,
				97EC28A029A4C856008CBD7D /* FTNewNotebook.docc in Sources */,
				974BD91529ADD71F0056EF34 /* FTPaperTemplate.swift in Sources */,
				E7ECA3C029C03D3600703BB7 /* FTUnsplashAPI.swift in Sources */,
				14C0D6CA2A26217D003EA823 /* FTPaperTemplateCenteredCollectionViewFlowLayout.swift in Sources */,
				97EC28BA29A4CCF6008CBD7D /* FTNewNotebook.swift in Sources */,
			);
			runOnlyForDeploymentPostprocessing = 0;
		};
/* End PBXSourcesBuildPhase section */

/* Begin PBXTargetDependency section */
		97EC28A329A4C856008CBD7D /* PBXTargetDependency */ = {
			isa = PBXTargetDependency;
			target = 97EC289B29A4C856008CBD7D /* FTNewNotebook */;
			targetProxy = 97EC28A229A4C856008CBD7D /* PBXContainerItemProxy */;
		};
/* End PBXTargetDependency section */

/* Begin PBXVariantGroup section */
		97B1570B299FADBD0084514E /* FTNewNotebook.storyboard */ = {
			isa = PBXVariantGroup;
			children = (
				BA05C6DE2A6EB67A00300455 /* en */,
			);
			name = FTNewNotebook.storyboard;
			sourceTree = "<group>";
		};
/* End PBXVariantGroup section */

/* Begin XCBuildConfiguration section */
		97B15714299FADBE0084514E /* Debug */ = {
			isa = XCBuildConfiguration;
			buildSettings = {
				ALWAYS_SEARCH_USER_PATHS = NO;
				CLANG_ANALYZER_NONNULL = YES;
				CLANG_ANALYZER_NUMBER_OBJECT_CONVERSION = YES_AGGRESSIVE;
				CLANG_CXX_LANGUAGE_STANDARD = "gnu++20";
				CLANG_ENABLE_MODULES = YES;
				CLANG_ENABLE_OBJC_ARC = YES;
				CLANG_ENABLE_OBJC_WEAK = YES;
				CLANG_WARN_BLOCK_CAPTURE_AUTORELEASING = YES;
				CLANG_WARN_BOOL_CONVERSION = YES;
				CLANG_WARN_COMMA = YES;
				CLANG_WARN_CONSTANT_CONVERSION = YES;
				CLANG_WARN_DEPRECATED_OBJC_IMPLEMENTATIONS = YES;
				CLANG_WARN_DIRECT_OBJC_ISA_USAGE = YES_ERROR;
				CLANG_WARN_DOCUMENTATION_COMMENTS = YES;
				CLANG_WARN_EMPTY_BODY = YES;
				CLANG_WARN_ENUM_CONVERSION = YES;
				CLANG_WARN_INFINITE_RECURSION = YES;
				CLANG_WARN_INT_CONVERSION = YES;
				CLANG_WARN_NON_LITERAL_NULL_CONVERSION = YES;
				CLANG_WARN_OBJC_IMPLICIT_RETAIN_SELF = YES;
				CLANG_WARN_OBJC_LITERAL_CONVERSION = YES;
				CLANG_WARN_OBJC_ROOT_CLASS = YES_ERROR;
				CLANG_WARN_QUOTED_INCLUDE_IN_FRAMEWORK_HEADER = YES;
				CLANG_WARN_RANGE_LOOP_ANALYSIS = YES;
				CLANG_WARN_STRICT_PROTOTYPES = YES;
				CLANG_WARN_SUSPICIOUS_MOVE = YES;
				CLANG_WARN_UNGUARDED_AVAILABILITY = YES_AGGRESSIVE;
				CLANG_WARN_UNREACHABLE_CODE = YES;
				CLANG_WARN__DUPLICATE_METHOD_MATCH = YES;
				COPY_PHASE_STRIP = NO;
				DEBUG_INFORMATION_FORMAT = dwarf;
				ENABLE_STRICT_OBJC_MSGSEND = YES;
				ENABLE_TESTABILITY = YES;
				GCC_C_LANGUAGE_STANDARD = gnu11;
				GCC_DYNAMIC_NO_PIC = NO;
				GCC_NO_COMMON_BLOCKS = YES;
				GCC_OPTIMIZATION_LEVEL = 0;
				GCC_PREPROCESSOR_DEFINITIONS = (
					"DEBUG=1",
					"$(inherited)",
				);
				GCC_WARN_64_TO_32_BIT_CONVERSION = YES;
				GCC_WARN_ABOUT_RETURN_TYPE = YES_ERROR;
				GCC_WARN_UNDECLARED_SELECTOR = YES;
				GCC_WARN_UNINITIALIZED_AUTOS = YES_AGGRESSIVE;
				GCC_WARN_UNUSED_FUNCTION = YES;
				GCC_WARN_UNUSED_VARIABLE = YES;
				IPHONEOS_DEPLOYMENT_TARGET = 16.2;
				MTL_ENABLE_DEBUG_INFO = INCLUDE_SOURCE;
				MTL_FAST_MATH = YES;
				ONLY_ACTIVE_ARCH = YES;
				SDKROOT = iphoneos;
				SWIFT_ACTIVE_COMPILATION_CONDITIONS = DEBUG;
				SWIFT_OPTIMIZATION_LEVEL = "-Onone";
			};
			name = Debug;
		};
		97B15715299FADBE0084514E /* Release */ = {
			isa = XCBuildConfiguration;
			buildSettings = {
				ALWAYS_SEARCH_USER_PATHS = NO;
				CLANG_ANALYZER_NONNULL = YES;
				CLANG_ANALYZER_NUMBER_OBJECT_CONVERSION = YES_AGGRESSIVE;
				CLANG_CXX_LANGUAGE_STANDARD = "gnu++20";
				CLANG_ENABLE_MODULES = YES;
				CLANG_ENABLE_OBJC_ARC = YES;
				CLANG_ENABLE_OBJC_WEAK = YES;
				CLANG_WARN_BLOCK_CAPTURE_AUTORELEASING = YES;
				CLANG_WARN_BOOL_CONVERSION = YES;
				CLANG_WARN_COMMA = YES;
				CLANG_WARN_CONSTANT_CONVERSION = YES;
				CLANG_WARN_DEPRECATED_OBJC_IMPLEMENTATIONS = YES;
				CLANG_WARN_DIRECT_OBJC_ISA_USAGE = YES_ERROR;
				CLANG_WARN_DOCUMENTATION_COMMENTS = YES;
				CLANG_WARN_EMPTY_BODY = YES;
				CLANG_WARN_ENUM_CONVERSION = YES;
				CLANG_WARN_INFINITE_RECURSION = YES;
				CLANG_WARN_INT_CONVERSION = YES;
				CLANG_WARN_NON_LITERAL_NULL_CONVERSION = YES;
				CLANG_WARN_OBJC_IMPLICIT_RETAIN_SELF = YES;
				CLANG_WARN_OBJC_LITERAL_CONVERSION = YES;
				CLANG_WARN_OBJC_ROOT_CLASS = YES_ERROR;
				CLANG_WARN_QUOTED_INCLUDE_IN_FRAMEWORK_HEADER = YES;
				CLANG_WARN_RANGE_LOOP_ANALYSIS = YES;
				CLANG_WARN_STRICT_PROTOTYPES = YES;
				CLANG_WARN_SUSPICIOUS_MOVE = YES;
				CLANG_WARN_UNGUARDED_AVAILABILITY = YES_AGGRESSIVE;
				CLANG_WARN_UNREACHABLE_CODE = YES;
				CLANG_WARN__DUPLICATE_METHOD_MATCH = YES;
				COPY_PHASE_STRIP = NO;
				DEBUG_INFORMATION_FORMAT = "dwarf-with-dsym";
				ENABLE_NS_ASSERTIONS = NO;
				ENABLE_STRICT_OBJC_MSGSEND = YES;
				GCC_C_LANGUAGE_STANDARD = gnu11;
				GCC_NO_COMMON_BLOCKS = YES;
				GCC_WARN_64_TO_32_BIT_CONVERSION = YES;
				GCC_WARN_ABOUT_RETURN_TYPE = YES_ERROR;
				GCC_WARN_UNDECLARED_SELECTOR = YES;
				GCC_WARN_UNINITIALIZED_AUTOS = YES_AGGRESSIVE;
				GCC_WARN_UNUSED_FUNCTION = YES;
				GCC_WARN_UNUSED_VARIABLE = YES;
				IPHONEOS_DEPLOYMENT_TARGET = 16.2;
				MTL_ENABLE_DEBUG_INFO = NO;
				MTL_FAST_MATH = YES;
				SDKROOT = iphoneos;
				SWIFT_COMPILATION_MODE = wholemodule;
				SWIFT_OPTIMIZATION_LEVEL = "-O";
				VALIDATE_PRODUCT = YES;
			};
			name = Release;
		};
		97B15717299FADBE0084514E /* Debug */ = {
			isa = XCBuildConfiguration;
			buildSettings = {
				ALWAYS_EMBED_SWIFT_STANDARD_LIBRARIES = YES;
				ASSETCATALOG_COMPILER_APPICON_NAME = AppIcon;
				ASSETCATALOG_COMPILER_GLOBAL_ACCENT_COLOR_NAME = AccentColor;
				CLANG_ENABLE_MODULES = YES;
				CODE_SIGN_ENTITLEMENTS = NewNotebook/NewNotebook.entitlements;
				CODE_SIGN_STYLE = Automatic;
				CURRENT_PROJECT_VERSION = 1;
				DEVELOPMENT_TEAM = CNTLGGQX2J;
				GENERATE_INFOPLIST_FILE = YES;
				INFOPLIST_FILE = NewNotebook/Info.plist;
				INFOPLIST_KEY_UIApplicationSupportsIndirectInputEvents = YES;
				INFOPLIST_KEY_UILaunchStoryboardName = LaunchScreen;
				INFOPLIST_KEY_UIMainStoryboardFile = Main;
				INFOPLIST_KEY_UISupportedInterfaceOrientations_iPad = "UIInterfaceOrientationPortrait UIInterfaceOrientationPortraitUpsideDown UIInterfaceOrientationLandscapeLeft UIInterfaceOrientationLandscapeRight";
				INFOPLIST_KEY_UISupportedInterfaceOrientations_iPhone = "UIInterfaceOrientationPortrait UIInterfaceOrientationLandscapeLeft UIInterfaceOrientationLandscapeRight";
				IPHONEOS_DEPLOYMENT_TARGET = 16.0;
				LD_RUNPATH_SEARCH_PATHS = (
					"$(inherited)",
					"@executable_path/Frameworks",
				);
				MARKETING_VERSION = 1.0;
				PRODUCT_BUNDLE_IDENTIFIER = "com.fluidtouch.NewNotebook-dev";
				PRODUCT_NAME = "$(TARGET_NAME)";
				SUPPORTED_PLATFORMS = "iphoneos iphonesimulator";
				SUPPORTS_MACCATALYST = YES;
				SUPPORTS_MAC_DESIGNED_FOR_IPHONE_IPAD = NO;
				SWIFT_EMIT_LOC_STRINGS = YES;
				SWIFT_OPTIMIZATION_LEVEL = "-Onone";
				SWIFT_VERSION = 5.0;
				TARGETED_DEVICE_FAMILY = "1,2";
			};
			name = Debug;
		};
		97B15718299FADBE0084514E /* Release */ = {
			isa = XCBuildConfiguration;
			buildSettings = {
				ALWAYS_EMBED_SWIFT_STANDARD_LIBRARIES = YES;
				ASSETCATALOG_COMPILER_APPICON_NAME = AppIcon;
				ASSETCATALOG_COMPILER_GLOBAL_ACCENT_COLOR_NAME = AccentColor;
				CLANG_ENABLE_MODULES = YES;
				CODE_SIGN_ENTITLEMENTS = NewNotebook/NewNotebook.entitlements;
				CODE_SIGN_STYLE = Manual;
				CURRENT_PROJECT_VERSION = 1;
				DEVELOPMENT_TEAM = "";
				GENERATE_INFOPLIST_FILE = YES;
				INFOPLIST_FILE = NewNotebook/Info.plist;
				INFOPLIST_KEY_UIApplicationSupportsIndirectInputEvents = YES;
				INFOPLIST_KEY_UILaunchStoryboardName = LaunchScreen;
				INFOPLIST_KEY_UIMainStoryboardFile = Main;
				INFOPLIST_KEY_UISupportedInterfaceOrientations_iPad = "UIInterfaceOrientationPortrait UIInterfaceOrientationPortraitUpsideDown UIInterfaceOrientationLandscapeLeft UIInterfaceOrientationLandscapeRight";
				INFOPLIST_KEY_UISupportedInterfaceOrientations_iPhone = "UIInterfaceOrientationPortrait UIInterfaceOrientationLandscapeLeft UIInterfaceOrientationLandscapeRight";
				IPHONEOS_DEPLOYMENT_TARGET = 16.0;
				LD_RUNPATH_SEARCH_PATHS = (
					"$(inherited)",
					"@executable_path/Frameworks",
				);
				MARKETING_VERSION = 1.0;
				PRODUCT_BUNDLE_IDENTIFIER = com.fluidtouch.NewNotebook;
				PRODUCT_NAME = "$(TARGET_NAME)";
				PROVISIONING_PROFILE_SPECIFIER = "";
				SUPPORTED_PLATFORMS = "iphoneos iphonesimulator";
				SUPPORTS_MACCATALYST = YES;
				SUPPORTS_MAC_DESIGNED_FOR_IPHONE_IPAD = NO;
				SWIFT_EMIT_LOC_STRINGS = YES;
				SWIFT_VERSION = 5.0;
				TARGETED_DEVICE_FAMILY = "1,2";
			};
			name = Release;
		};
		97EC28A729A4C856008CBD7D /* Debug */ = {
			isa = XCBuildConfiguration;
			buildSettings = {
				CODE_SIGN_IDENTITY = "";
				CODE_SIGN_STYLE = Automatic;
				CURRENT_PROJECT_VERSION = 1;
				DEFINES_MODULE = YES;
				DEVELOPMENT_TEAM = CNTLGGQX2J;
				DYLIB_COMPATIBILITY_VERSION = 1;
				DYLIB_CURRENT_VERSION = 1;
				DYLIB_INSTALL_NAME_BASE = "@rpath";
				ENABLE_MODULE_VERIFIER = YES;
				GENERATE_INFOPLIST_FILE = YES;
				INFOPLIST_KEY_NSHumanReadableCopyright = "";
				INSTALL_PATH = "$(LOCAL_LIBRARY_DIR)/Frameworks";
				IPHONEOS_DEPLOYMENT_TARGET = 16.0;
				LD_RUNPATH_SEARCH_PATHS = (
					"$(inherited)",
					"@executable_path/Frameworks",
					"@loader_path/Frameworks",
				);
				MARKETING_VERSION = 1.0;
				MODULE_VERIFIER_SUPPORTED_LANGUAGES = "objective-c objective-c++";
				MODULE_VERIFIER_SUPPORTED_LANGUAGE_STANDARDS = "gnu11 gnu++20";
				PRODUCT_BUNDLE_IDENTIFIER = com.ft.FTNewNotebook;
				PRODUCT_NAME = "$(TARGET_NAME:c99extidentifier)";
				SKIP_INSTALL = YES;
				SUPPORTED_PLATFORMS = "iphoneos iphonesimulator";
				SUPPORTS_MACCATALYST = YES;
				SUPPORTS_MAC_DESIGNED_FOR_IPHONE_IPAD = NO;
				SWIFT_EMIT_LOC_STRINGS = YES;
				SWIFT_VERSION = 5.0;
				TARGETED_DEVICE_FAMILY = "1,2";
				VERSIONING_SYSTEM = "apple-generic";
				VERSION_INFO_PREFIX = "";
			};
			name = Debug;
		};
		97EC28A829A4C856008CBD7D /* Release */ = {
			isa = XCBuildConfiguration;
			buildSettings = {
				CODE_SIGN_IDENTITY = "";
				CODE_SIGN_STYLE = Automatic;
				CURRENT_PROJECT_VERSION = 1;
				DEFINES_MODULE = YES;
				DEVELOPMENT_TEAM = CNTLGGQX2J;
				DYLIB_COMPATIBILITY_VERSION = 1;
				DYLIB_CURRENT_VERSION = 1;
				DYLIB_INSTALL_NAME_BASE = "@rpath";
				ENABLE_MODULE_VERIFIER = YES;
				GENERATE_INFOPLIST_FILE = YES;
				INFOPLIST_KEY_NSHumanReadableCopyright = "";
				INSTALL_PATH = "$(LOCAL_LIBRARY_DIR)/Frameworks";
				IPHONEOS_DEPLOYMENT_TARGET = 16.0;
				LD_RUNPATH_SEARCH_PATHS = (
					"$(inherited)",
					"@executable_path/Frameworks",
					"@loader_path/Frameworks",
				);
				MARKETING_VERSION = 1.0;
				MODULE_VERIFIER_SUPPORTED_LANGUAGES = "objective-c objective-c++";
				MODULE_VERIFIER_SUPPORTED_LANGUAGE_STANDARDS = "gnu11 gnu++20";
				PRODUCT_BUNDLE_IDENTIFIER = com.ft.FTNewNotebook;
				PRODUCT_NAME = "$(TARGET_NAME:c99extidentifier)";
				SKIP_INSTALL = YES;
				SUPPORTED_PLATFORMS = "iphoneos iphonesimulator";
				SUPPORTS_MACCATALYST = YES;
				SUPPORTS_MAC_DESIGNED_FOR_IPHONE_IPAD = NO;
				SWIFT_EMIT_LOC_STRINGS = YES;
				SWIFT_VERSION = 5.0;
				TARGETED_DEVICE_FAMILY = "1,2";
				VERSIONING_SYSTEM = "apple-generic";
				VERSION_INFO_PREFIX = "";
			};
			name = Release;
		};
		DDF598CE29CD8785007C0062 /* Beta */ = {
			isa = XCBuildConfiguration;
			buildSettings = {
				ALWAYS_SEARCH_USER_PATHS = NO;
				CLANG_ANALYZER_NONNULL = YES;
				CLANG_ANALYZER_NUMBER_OBJECT_CONVERSION = YES_AGGRESSIVE;
				CLANG_CXX_LANGUAGE_STANDARD = "gnu++20";
				CLANG_ENABLE_MODULES = YES;
				CLANG_ENABLE_OBJC_ARC = YES;
				CLANG_ENABLE_OBJC_WEAK = YES;
				CLANG_WARN_BLOCK_CAPTURE_AUTORELEASING = YES;
				CLANG_WARN_BOOL_CONVERSION = YES;
				CLANG_WARN_COMMA = YES;
				CLANG_WARN_CONSTANT_CONVERSION = YES;
				CLANG_WARN_DEPRECATED_OBJC_IMPLEMENTATIONS = YES;
				CLANG_WARN_DIRECT_OBJC_ISA_USAGE = YES_ERROR;
				CLANG_WARN_DOCUMENTATION_COMMENTS = YES;
				CLANG_WARN_EMPTY_BODY = YES;
				CLANG_WARN_ENUM_CONVERSION = YES;
				CLANG_WARN_INFINITE_RECURSION = YES;
				CLANG_WARN_INT_CONVERSION = YES;
				CLANG_WARN_NON_LITERAL_NULL_CONVERSION = YES;
				CLANG_WARN_OBJC_IMPLICIT_RETAIN_SELF = YES;
				CLANG_WARN_OBJC_LITERAL_CONVERSION = YES;
				CLANG_WARN_OBJC_ROOT_CLASS = YES_ERROR;
				CLANG_WARN_QUOTED_INCLUDE_IN_FRAMEWORK_HEADER = YES;
				CLANG_WARN_RANGE_LOOP_ANALYSIS = YES;
				CLANG_WARN_STRICT_PROTOTYPES = YES;
				CLANG_WARN_SUSPICIOUS_MOVE = YES;
				CLANG_WARN_UNGUARDED_AVAILABILITY = YES_AGGRESSIVE;
				CLANG_WARN_UNREACHABLE_CODE = YES;
				CLANG_WARN__DUPLICATE_METHOD_MATCH = YES;
				COPY_PHASE_STRIP = NO;
				DEBUG_INFORMATION_FORMAT = "dwarf-with-dsym";
				ENABLE_NS_ASSERTIONS = NO;
				ENABLE_STRICT_OBJC_MSGSEND = YES;
				GCC_C_LANGUAGE_STANDARD = gnu11;
				GCC_NO_COMMON_BLOCKS = YES;
				GCC_WARN_64_TO_32_BIT_CONVERSION = YES;
				GCC_WARN_ABOUT_RETURN_TYPE = YES_ERROR;
				GCC_WARN_UNDECLARED_SELECTOR = YES;
				GCC_WARN_UNINITIALIZED_AUTOS = YES_AGGRESSIVE;
				GCC_WARN_UNUSED_FUNCTION = YES;
				GCC_WARN_UNUSED_VARIABLE = YES;
				IPHONEOS_DEPLOYMENT_TARGET = 16.2;
				MTL_ENABLE_DEBUG_INFO = NO;
				MTL_FAST_MATH = YES;
				SDKROOT = iphoneos;
				SWIFT_COMPILATION_MODE = wholemodule;
				SWIFT_OPTIMIZATION_LEVEL = "-O";
				VALIDATE_PRODUCT = YES;
			};
			name = Beta;
		};
		DDF598CF29CD8785007C0062 /* Beta */ = {
			isa = XCBuildConfiguration;
			buildSettings = {
				ALWAYS_EMBED_SWIFT_STANDARD_LIBRARIES = YES;
				ASSETCATALOG_COMPILER_APPICON_NAME = AppIcon;
				ASSETCATALOG_COMPILER_GLOBAL_ACCENT_COLOR_NAME = AccentColor;
				CLANG_ENABLE_MODULES = YES;
				CODE_SIGN_ENTITLEMENTS = NewNotebook/NewNotebook.entitlements;
				CODE_SIGN_IDENTITY = "Apple Development";
				CODE_SIGN_STYLE = Automatic;
				CURRENT_PROJECT_VERSION = 1;
				DEVELOPMENT_TEAM = CNTLGGQX2J;
				GENERATE_INFOPLIST_FILE = YES;
				INFOPLIST_FILE = NewNotebook/Info.plist;
				INFOPLIST_KEY_UIApplicationSupportsIndirectInputEvents = YES;
				INFOPLIST_KEY_UILaunchStoryboardName = LaunchScreen;
				INFOPLIST_KEY_UIMainStoryboardFile = Main;
				INFOPLIST_KEY_UISupportedInterfaceOrientations_iPad = "UIInterfaceOrientationPortrait UIInterfaceOrientationPortraitUpsideDown UIInterfaceOrientationLandscapeLeft UIInterfaceOrientationLandscapeRight";
				INFOPLIST_KEY_UISupportedInterfaceOrientations_iPhone = "UIInterfaceOrientationPortrait UIInterfaceOrientationLandscapeLeft UIInterfaceOrientationLandscapeRight";
				IPHONEOS_DEPLOYMENT_TARGET = 16.0;
				LD_RUNPATH_SEARCH_PATHS = (
					"$(inherited)",
					"@executable_path/Frameworks",
				);
				MARKETING_VERSION = 1.0;
				PRODUCT_BUNDLE_IDENTIFIER = "com.ft.NewNotebook-beta";
				PRODUCT_NAME = "$(TARGET_NAME)";
				PROVISIONING_PROFILE_SPECIFIER = "";
				SUPPORTED_PLATFORMS = "iphoneos iphonesimulator";
				SUPPORTS_MACCATALYST = YES;
				SUPPORTS_MAC_DESIGNED_FOR_IPHONE_IPAD = NO;
				SWIFT_EMIT_LOC_STRINGS = YES;
				SWIFT_VERSION = 5.0;
				TARGETED_DEVICE_FAMILY = "1,2";
			};
			name = Beta;
		};
		DDF598D029CD8785007C0062 /* Beta */ = {
			isa = XCBuildConfiguration;
			buildSettings = {
				CODE_SIGN_IDENTITY = "";
				CODE_SIGN_STYLE = Automatic;
				CURRENT_PROJECT_VERSION = 1;
				DEFINES_MODULE = YES;
				DEVELOPMENT_TEAM = CNTLGGQX2J;
				DYLIB_COMPATIBILITY_VERSION = 1;
				DYLIB_CURRENT_VERSION = 1;
				DYLIB_INSTALL_NAME_BASE = "@rpath";
				ENABLE_MODULE_VERIFIER = YES;
				GENERATE_INFOPLIST_FILE = YES;
				INFOPLIST_KEY_NSHumanReadableCopyright = "";
				INSTALL_PATH = "$(LOCAL_LIBRARY_DIR)/Frameworks";
				IPHONEOS_DEPLOYMENT_TARGET = 16.0;
				LD_RUNPATH_SEARCH_PATHS = (
					"$(inherited)",
					"@executable_path/Frameworks",
					"@loader_path/Frameworks",
				);
				MARKETING_VERSION = 1.0;
				MODULE_VERIFIER_SUPPORTED_LANGUAGES = "objective-c objective-c++";
				MODULE_VERIFIER_SUPPORTED_LANGUAGE_STANDARDS = "gnu11 gnu++20";
				PRODUCT_BUNDLE_IDENTIFIER = com.ft.FTNewNotebook;
				PRODUCT_NAME = "$(TARGET_NAME:c99extidentifier)";
				SKIP_INSTALL = YES;
				SUPPORTED_PLATFORMS = "iphoneos iphonesimulator";
				SUPPORTS_MACCATALYST = YES;
				SUPPORTS_MAC_DESIGNED_FOR_IPHONE_IPAD = NO;
				SWIFT_EMIT_LOC_STRINGS = YES;
				SWIFT_VERSION = 5.0;
				TARGETED_DEVICE_FAMILY = "1,2";
				VERSIONING_SYSTEM = "apple-generic";
				VERSION_INFO_PREFIX = "";
			};
			name = Beta;
		};
/* End XCBuildConfiguration section */

/* Begin XCConfigurationList section */
		97B156FD299FADBD0084514E /* Build configuration list for PBXProject "NewNotebook" */ = {
			isa = XCConfigurationList;
			buildConfigurations = (
				97B15714299FADBE0084514E /* Debug */,
				97B15715299FADBE0084514E /* Release */,
				DDF598CE29CD8785007C0062 /* Beta */,
			);
			defaultConfigurationIsVisible = 0;
			defaultConfigurationName = Release;
		};
		97B15716299FADBE0084514E /* Build configuration list for PBXNativeTarget "NewNotebook" */ = {
			isa = XCConfigurationList;
			buildConfigurations = (
				97B15717299FADBE0084514E /* Debug */,
				97B15718299FADBE0084514E /* Release */,
				DDF598CF29CD8785007C0062 /* Beta */,
			);
			defaultConfigurationIsVisible = 0;
			defaultConfigurationName = Release;
		};
		97EC28A929A4C856008CBD7D /* Build configuration list for PBXNativeTarget "FTNewNotebook" */ = {
			isa = XCConfigurationList;
			buildConfigurations = (
				97EC28A729A4C856008CBD7D /* Debug */,
				97EC28A829A4C856008CBD7D /* Release */,
				DDF598D029CD8785007C0062 /* Beta */,
			);
			defaultConfigurationIsVisible = 0;
			defaultConfigurationName = Release;
		};
/* End XCConfigurationList section */

/* Begin XCRemoteSwiftPackageReference section */
		DDAD78F32A08C6FF001D8B21 /* XCRemoteSwiftPackageReference "SDWebImage" */ = {
			isa = XCRemoteSwiftPackageReference;
			repositoryURL = "https://github.com/SDWebImage/SDWebImage.git";
			requirement = {
				kind = upToNextMajorVersion;
				minimumVersion = 5.0.0;
			};
		};
/* End XCRemoteSwiftPackageReference section */

/* Begin XCSwiftPackageProductDependency section */
		DDAD78F42A08C6FF001D8B21 /* SDWebImage */ = {
			isa = XCSwiftPackageProductDependency;
			package = DDAD78F32A08C6FF001D8B21 /* XCRemoteSwiftPackageReference "SDWebImage" */;
			productName = SDWebImage;
		};
/* End XCSwiftPackageProductDependency section */
	};
	rootObject = 97B156FA299FADBD0084514E /* Project object */;
}
